{
  "name": "Naksha",
  "lockfileVersion": 3,
  "requires": true,
  "packages": {
    "": {
      "dependencies": {
        "autoprefixer": "^10.4.21",
        "postcss": "^8.5.6",
        "tailwindcss": "^4.1.10"
      }
    },
    "apps/api": {
      "version": "1.0.0",
      "extraneous": true,
      "dependencies": {
        "@nakksha/database": "*",
        "axios": "^1.6.2",
        "bcryptjs": "^2.4.3",
        "bull": "^4.12.2",
        "cloudinary": "^1.41.3",
        "compression": "^1.7.4",
        "cors": "^2.8.5",
        "dotenv": "^16.3.1",
        "express": "^4.18.2",
        "express-rate-limit": "^7.1.5",
        "googleapis": "^129.0.0",
        "helmet": "^7.1.0",
        "jsonwebtoken": "^9.0.2",
        "morgan": "^1.10.0",
        "multer": "^1.4.5-lts.1",
        "node-cron": "^3.0.3",
        "nodemailer": "^6.9.7",
        "razorpay": "^2.9.2",
        "redis": "^4.6.10",
        "socket.io": "^4.7.4",
        "zod": "^3.22.4"
      },
      "devDependencies": {
        "@types/bcryptjs": "^2.4.6",
        "@types/compression": "^1.7.5",
        "@types/cors": "^2.8.17",
        "@types/express": "^4.17.21",
        "@types/jest": "^29.5.8",
        "@types/jsonwebtoken": "^9.0.5",
        "@types/morgan": "^1.9.9",
        "@types/multer": "^1.4.11",
        "@types/node": "^20.10.0",
        "@types/node-cron": "^3.0.11",
        "@types/nodemailer": "^6.4.14",
        "@types/supertest": "^2.0.16",
        "@types/uuid": "^10.0.0",
        "@typescript-eslint/eslint-plugin": "^6.12.0",
        "@typescript-eslint/parser": "^6.12.0",
        "autocannon": "^7.12.0",
        "eslint": "^8.54.0",
        "jest": "^29.7.0",
        "newman": "^6.0.0",
        "supertest": "^6.3.3",
        "ts-jest": "^29.1.1",
        "tsx": "^4.6.0",
        "typescript": "^5.3.0"
      }
    },
    "apps/consulatant-dashboard": {
      "name": "consultant-dashboard",
      "version": "0.1.0",
      "extraneous": true,
      "dependencies": {
        "@hookform/resolvers": "^3.9.0",
        "@radix-ui/react-accordion": "^1.2.11",
        "@radix-ui/react-alert-dialog": "^1.1.1",
        "@radix-ui/react-aspect-ratio": "^1.1.0",
        "@radix-ui/react-avatar": "^1.1.0",
        "@radix-ui/react-checkbox": "^1.1.1",
        "@radix-ui/react-collapsible": "^1.1.0",
        "@radix-ui/react-context-menu": "^2.2.1",
        "@radix-ui/react-dialog": "^1.1.2",
        "@radix-ui/react-dropdown-menu": "^2.1.1",
        "@radix-ui/react-hover-card": "^1.1.1",
        "@radix-ui/react-label": "^2.1.0",
        "@radix-ui/react-menubar": "^1.1.1",
        "@radix-ui/react-navigation-menu": "^1.2.0",
        "@radix-ui/react-popover": "^1.1.1",
        "@radix-ui/react-progress": "^1.1.0",
        "@radix-ui/react-radio-group": "^1.2.0",
        "@radix-ui/react-scroll-area": "^1.1.0",
        "@radix-ui/react-select": "^2.1.1",
        "@radix-ui/react-separator": "^1.1.0",
        "@radix-ui/react-slider": "^1.2.0",
        "@radix-ui/react-slot": "^1.1.0",
        "@radix-ui/react-switch": "^1.1.0",
        "@radix-ui/react-tabs": "^1.1.0",
        "@radix-ui/react-toast": "^1.2.1",
        "@radix-ui/react-toggle": "^1.1.0",
        "@radix-ui/react-toggle-group": "^1.1.0",
        "@radix-ui/react-tooltip": "^1.1.4",
        "@swc/core": "^1.11.24",
        "@tanstack/react-query": "^5.56.2",
        "@types/three": "^0.176.0",
        "class-variance-authority": "^0.7.1",
        "clsx": "^2.1.1",
        "cmdk": "^1.0.0",
        "date-fns": "^3.6.0",
        "embla-carousel-react": "^8.3.0",
        "eslint": "^9.29.0",
        "eslint-config-next": "^15.3.4",
        "framer-motion": "^12.6.2",
        "input-otp": "^1.2.4",
        "lucide-react": "^0.462.0",
        "next": "^15.3.4",
        "next-themes": "^0.3.0",
        "react": "18.2.0",
        "react-day-picker": "^8.10.1",
        "react-dom": "18.2.0",
        "react-hook-form": "^7.53.0",
        "react-resizable-panels": "^2.1.3",
        "recharts": "^2.12.7",
        "sonner": "^1.5.0",
        "tailwind-merge": "^2.5.2",
        "tailwindcss-animate": "^1.0.7",
        "three": "^0.176.0",
        "vaul": "^0.9.3",
        "zod": "^3.23.8"
      },
      "devDependencies": {
        "@tailwindcss/typography": "^0.5.15",
        "@types/node": "^22.5.5",
        "@types/react": "^18.3.3",
        "@types/react-dom": "^18.3.0",
        "autoprefixer": "^10.4.20",
        "globals": "^15.9.0",
        "postcss": "^8.4.47",
        "prettier": "^3.5.3",
        "tailwindcss": "^3.4.11",
        "typescript": "^5.5.3",
        "vitest": "^3.1.4"
      }
    },
    "node_modules/autoprefixer": {
      "version": "10.4.21",
      "resolved": "https://registry.npmjs.org/autoprefixer/-/autoprefixer-10.4.21.tgz",
      "integrity": "sha512-O+A6LWV5LDHSJD3LjHYoNi4VLsj/Whi7k6zG12xTYaU4cQ8oxQGckXNX8cRHK5yOZ/ppVHe0ZBXGzSV9jXdVbQ==",
      "funding": [
        {
          "type": "opencollective",
          "url": "https://opencollective.com/postcss/"
        },
        {
          "type": "tidelift",
          "url": "https://tidelift.com/funding/github/npm/autoprefixer"
        },
        {
          "type": "github",
          "url": "https://github.com/sponsors/ai"
        }
      ],
      "license": "MIT",
      "dependencies": {
        "browserslist": "^4.24.4",
        "caniuse-lite": "^1.0.30001702",
        "fraction.js": "^4.3.7",
        "normalize-range": "^0.1.2",
        "picocolors": "^1.1.1",
        "postcss-value-parser": "^4.2.0"
      },
      "bin": {
        "autoprefixer": "bin/autoprefixer"
      },
      "engines": {
        "node": "^10 || ^12 || >=14"
      },
      "peerDependencies": {
        "postcss": "^8.1.0"
      }
    },
    "node_modules/browserslist": {
      "version": "4.25.0",
      "funding": [
        {
          "type": "opencollective",
          "url": "https://opencollective.com/browserslist"
        },
        {
          "type": "tidelift",
          "url": "https://tidelift.com/funding/github/npm/browserslist"
        },
        {
          "type": "github",
          "url": "https://github.com/sponsors/ai"
        }
      ],
      "license": "MIT",
      "dependencies": {
        "caniuse-lite": "^1.0.30001718",
        "electron-to-chromium": "^1.5.160",
        "node-releases": "^2.0.19",
        "update-browserslist-db": "^1.1.3"
      },
      "bin": {
        "browserslist": "cli.js"
      },
      "engines": {
        "node": "^6 || ^7 || ^8 || ^9 || ^10 || ^11 || ^12 || >=13.7"
      }
    },
    "node_modules/caniuse-lite": {
      "version": "1.0.30001724",
      "funding": [
        {
          "type": "opencollective",
          "url": "https://opencollective.com/browserslist"
        },
        {
          "type": "tidelift",
          "url": "https://tidelift.com/funding/github/npm/caniuse-lite"
        },
        {
          "type": "github",
          "url": "https://github.com/sponsors/ai"
        }
      ],
      "license": "CC-BY-4.0"
    },
    "node_modules/electron-to-chromium": {
      "version": "1.5.171",
      "license": "ISC"
    },
    "node_modules/escalade": {
      "version": "3.2.0",
      "license": "MIT",
      "engines": {
        "node": ">=6"
      }
    },
    "node_modules/fraction.js": {
      "version": "4.3.7",
      "license": "MIT",
      "engines": {
        "node": "*"
      },
      "funding": {
        "type": "patreon",
        "url": "https://github.com/sponsors/rawify"
      }
    },
    "node_modules/nanoid": {
      "version": "3.3.11",
      "funding": [
        {
          "type": "github",
          "url": "https://github.com/sponsors/ai"
        }
      ],
      "license": "MIT",
      "bin": {
        "nanoid": "bin/nanoid.cjs"
      },
      "engines": {
        "node": "^10 || ^12 || ^13.7 || ^14 || >=15.0.1"
      }
    },
    "node_modules/node-releases": {
      "version": "2.0.19",
      "license": "MIT"
    },
    "node_modules/normalize-range": {
      "version": "0.1.2",
      "license": "MIT",
      "engines": {
        "node": ">=0.10.0"
      }
    },
    "node_modules/picocolors": {
      "version": "1.1.1",
      "license": "ISC"
    },
    "node_modules/postcss": {
      "version": "8.5.6",
      "resolved": "https://registry.npmjs.org/postcss/-/postcss-8.5.6.tgz",
      "integrity": "sha512-3Ybi1tAuwAP9s0r1UQ2J4n5Y0G05bJkpUIO0/bI9MhwmD70S5aTWbXGBwxHrelT+XM1k6dM0pk+SwNkpTRN7Pg==",
      "funding": [
        {
          "type": "opencollective",
          "url": "https://opencollective.com/postcss/"
        },
        {
          "type": "tidelift",
          "url": "https://tidelift.com/funding/github/npm/postcss"
        },
        {
          "type": "github",
          "url": "https://github.com/sponsors/ai"
        }
      ],
      "license": "MIT",
      "dependencies": {
        "nanoid": "^3.3.11",
        "picocolors": "^1.1.1",
        "source-map-js": "^1.2.1"
      },
      "engines": {
        "node": "^10 || ^12 || >=14"
      }
    },
    "node_modules/postcss-value-parser": {
      "version": "4.2.0",
      "license": "MIT"
    },
    "node_modules/source-map-js": {
      "version": "1.2.1",
      "license": "BSD-3-Clause",
      "engines": {
        "node": ">=0.10.0"
      }
    },
    "node_modules/tailwindcss": {
      "version": "4.1.10",
      "resolved": "https://registry.npmjs.org/tailwindcss/-/tailwindcss-4.1.10.tgz",
      "integrity": "sha512-P3nr6WkvKV/ONsTzj6Gb57sWPMX29EPNPopo7+FcpkQaNsrNpZ1pv8QmrYI2RqEKD7mlGqLnGovlcYnBK0IqUA==",
      "license": "MIT"
    },
    "node_modules/update-browserslist-db": {
      "version": "1.1.3",
      "funding": [
        {
          "type": "opencollective",
          "url": "https://opencollective.com/browserslist"
        },
        {
          "type": "tidelift",
          "url": "https://tidelift.com/funding/github/npm/browserslist"
        },
        {
          "type": "github",
          "url": "https://github.com/sponsors/ai"
        }
      ],
      "license": "MIT",
      "dependencies": {
        "escalade": "^3.2.0",
        "picocolors": "^1.1.1"
      },
      "bin": {
        "update-browserslist-db": "cli.js"
      },
      "peerDependencies": {
        "browserslist": ">= 4.21.0"
      }
    },
    "packages/database": {
      "name": "@nakksha/database",
      "version": "1.0.0",
      "extraneous": true,
      "dependencies": {
        "@prisma/client": "^5.7.0",
        "prisma": "^5.7.0"
      },
      "devDependencies": {
        "@types/node": "^20.10.0",
        "tsx": "^4.6.0",
        "typescript": "^5.3.0"
      }
    }
  }
}
